// !$*UTF8*$!
{
	archiveVersion = 1;
	classes = {
	};
	objectVersion = 50;
	objects = {

/* Begin PBXBuildFile section */
		269FCB4743EDD9C0C7081DAD /* Pods_lib_RxSwift_wikipediaTests.framework in Frameworks */ = {isa = PBXBuildFile; fileRef = EB08A9C72F5A045D683774F3 /* Pods_lib_RxSwift_wikipediaTests.framework */; };
		30267821224A2F390030249A /* AppDelegate.swift in Sources */ = {isa = PBXBuildFile; fileRef = 30267820224A2F390030249A /* AppDelegate.swift */; };
		30267823224A2F390030249A /* ViewController.swift in Sources */ = {isa = PBXBuildFile; fileRef = 30267822224A2F390030249A /* ViewController.swift */; };
		30267826224A2F390030249A /* Main.storyboard in Resources */ = {isa = PBXBuildFile; fileRef = 30267824224A2F390030249A /* Main.storyboard */; };
		30267828224A2F3A0030249A /* Assets.xcassets in Resources */ = {isa = PBXBuildFile; fileRef = 30267827224A2F3A0030249A /* Assets.xcassets */; };
		3026782B224A2F3A0030249A /* LaunchScreen.storyboard in Resources */ = {isa = PBXBuildFile; fileRef = 30267829224A2F3A0030249A /* LaunchScreen.storyboard */; };
		30267836224A2F3A0030249A /* lib_RxSwift_wikipediaTests.swift in Sources */ = {isa = PBXBuildFile; fileRef = 30267835224A2F3A0030249A /* lib_RxSwift_wikipediaTests.swift */; };
		30267841224A2F3A0030249A /* lib_RxSwift_wikipediaUITests.swift in Sources */ = {isa = PBXBuildFile; fileRef = 30267840224A2F3A0030249A /* lib_RxSwift_wikipediaUITests.swift */; };
		3026784F224A30780030249A /* Result.swift in Sources */ = {isa = PBXBuildFile; fileRef = 3026784E224A30780030249A /* Result.swift */; };
		30267851224A30AA0030249A /* WikipediaAPIClient.swift in Sources */ = {isa = PBXBuildFile; fileRef = 30267850224A30AA0030249A /* WikipediaAPIClient.swift */; };
		30267853224A3C0C0030249A /* WikipediaSearchAPIModel.swift in Sources */ = {isa = PBXBuildFile; fileRef = 30267852224A3C0C0030249A /* WikipediaSearchAPIModel.swift */; };
		30267855224A3EDC0030249A /* WikipediaSearchAPIViewModel.swift in Sources */ = {isa = PBXBuildFile; fileRef = 30267854224A3EDC0030249A /* WikipediaSearchAPIViewModel.swift */; };
		3E733F2C320205B0D22154B7 /* Pods_lib_RxSwift_wikipediaUITests.framework in Frameworks */ = {isa = PBXBuildFile; fileRef = 7823950123D93DD7C1772038 /* Pods_lib_RxSwift_wikipediaUITests.framework */; };
		A5420E2B4832FD481F1D7BEF /* Pods_lib_RxSwift_wikipedia.framework in Frameworks */ = {isa = PBXBuildFile; fileRef = 89C5C2EDCD82F70CED5D80B5 /* Pods_lib_RxSwift_wikipedia.framework */; };
/* End PBXBuildFile section */

/* Begin PBXContainerItemProxy section */
		30267832224A2F3A0030249A /* PBXContainerItemProxy */ = {
			isa = PBXContainerItemProxy;
			containerPortal = 30267815224A2F390030249A /* Project object */;
			proxyType = 1;
			remoteGlobalIDString = 3026781C224A2F390030249A;
			remoteInfo = "lib-RxSwift-wikipedia";
		};
		3026783D224A2F3A0030249A /* PBXContainerItemProxy */ = {
			isa = PBXContainerItemProxy;
			containerPortal = 30267815224A2F390030249A /* Project object */;
			proxyType = 1;
			remoteGlobalIDString = 3026781C224A2F390030249A;
			remoteInfo = "lib-RxSwift-wikipedia";
		};
/* End PBXContainerItemProxy section */

/* Begin PBXFileReference section */
		0C0B056734DAA282D58A0EBC /* Pods-lib-RxSwift-wikipediaUITests.release.xcconfig */ = {isa = PBXFileReference; includeInIndex = 1; lastKnownFileType = text.xcconfig; name = "Pods-lib-RxSwift-wikipediaUITests.release.xcconfig"; path = "Target Support Files/Pods-lib-RxSwift-wikipediaUITests/Pods-lib-RxSwift-wikipediaUITests.release.xcconfig"; sourceTree = "<group>"; };
		22D5E37B8971F68FE76918CC /* Pods-lib-RxSwift-wikipediaUITests.debug.xcconfig */ = {isa = PBXFileReference; includeInIndex = 1; lastKnownFileType = text.xcconfig; name = "Pods-lib-RxSwift-wikipediaUITests.debug.xcconfig"; path = "Target Support Files/Pods-lib-RxSwift-wikipediaUITests/Pods-lib-RxSwift-wikipediaUITests.debug.xcconfig"; sourceTree = "<group>"; };
		3026781D224A2F390030249A /* lib-RxSwift-wikipedia.app */ = {isa = PBXFileReference; explicitFileType = wrapper.application; includeInIndex = 0; path = "lib-RxSwift-wikipedia.app"; sourceTree = BUILT_PRODUCTS_DIR; };
		30267820224A2F390030249A /* AppDelegate.swift */ = {isa = PBXFileReference; lastKnownFileType = sourcecode.swift; path = AppDelegate.swift; sourceTree = "<group>"; };
		30267822224A2F390030249A /* ViewController.swift */ = {isa = PBXFileReference; lastKnownFileType = sourcecode.swift; path = ViewController.swift; sourceTree = "<group>"; };
		30267825224A2F390030249A /* Base */ = {isa = PBXFileReference; lastKnownFileType = file.storyboard; name = Base; path = Base.lproj/Main.storyboard; sourceTree = "<group>"; };
		30267827224A2F3A0030249A /* Assets.xcassets */ = {isa = PBXFileReference; lastKnownFileType = folder.assetcatalog; path = Assets.xcassets; sourceTree = "<group>"; };
		3026782A224A2F3A0030249A /* Base */ = {isa = PBXFileReference; lastKnownFileType = file.storyboard; name = Base; path = Base.lproj/LaunchScreen.storyboard; sourceTree = "<group>"; };
		3026782C224A2F3A0030249A /* Info.plist */ = {isa = PBXFileReference; lastKnownFileType = text.plist.xml; path = Info.plist; sourceTree = "<group>"; };
		30267831224A2F3A0030249A /* lib-RxSwift-wikipediaTests.xctest */ = {isa = PBXFileReference; explicitFileType = wrapper.cfbundle; includeInIndex = 0; path = "lib-RxSwift-wikipediaTests.xctest"; sourceTree = BUILT_PRODUCTS_DIR; };
		30267835224A2F3A0030249A /* lib_RxSwift_wikipediaTests.swift */ = {isa = PBXFileReference; lastKnownFileType = sourcecode.swift; path = lib_RxSwift_wikipediaTests.swift; sourceTree = "<group>"; };
		30267837224A2F3A0030249A /* Info.plist */ = {isa = PBXFileReference; lastKnownFileType = text.plist.xml; path = Info.plist; sourceTree = "<group>"; };
		3026783C224A2F3A0030249A /* lib-RxSwift-wikipediaUITests.xctest */ = {isa = PBXFileReference; explicitFileType = wrapper.cfbundle; includeInIndex = 0; path = "lib-RxSwift-wikipediaUITests.xctest"; sourceTree = BUILT_PRODUCTS_DIR; };
		30267840224A2F3A0030249A /* lib_RxSwift_wikipediaUITests.swift */ = {isa = PBXFileReference; lastKnownFileType = sourcecode.swift; path = lib_RxSwift_wikipediaUITests.swift; sourceTree = "<group>"; };
		30267842224A2F3A0030249A /* Info.plist */ = {isa = PBXFileReference; lastKnownFileType = text.plist.xml; path = Info.plist; sourceTree = "<group>"; };
		3026784E224A30780030249A /* Result.swift */ = {isa = PBXFileReference; lastKnownFileType = sourcecode.swift; path = Result.swift; sourceTree = "<group>"; };
		30267850224A30AA0030249A /* WikipediaAPIClient.swift */ = {isa = PBXFileReference; lastKnownFileType = sourcecode.swift; path = WikipediaAPIClient.swift; sourceTree = "<group>"; };
		30267852224A3C0C0030249A /* WikipediaSearchAPIModel.swift */ = {isa = PBXFileReference; lastKnownFileType = sourcecode.swift; path = WikipediaSearchAPIModel.swift; sourceTree = "<group>"; };
		30267854224A3EDC0030249A /* WikipediaSearchAPIViewModel.swift */ = {isa = PBXFileReference; lastKnownFileType = sourcecode.swift; path = WikipediaSearchAPIViewModel.swift; sourceTree = "<group>"; };
		7823950123D93DD7C1772038 /* Pods_lib_RxSwift_wikipediaUITests.framework */ = {isa = PBXFileReference; explicitFileType = wrapper.framework; includeInIndex = 0; path = Pods_lib_RxSwift_wikipediaUITests.framework; sourceTree = BUILT_PRODUCTS_DIR; };
		85A3474CEF76B0755839DB22 /* Pods-lib-RxSwift-wikipedia.release.xcconfig */ = {isa = PBXFileReference; includeInIndex = 1; lastKnownFileType = text.xcconfig; name = "Pods-lib-RxSwift-wikipedia.release.xcconfig"; path = "Target Support Files/Pods-lib-RxSwift-wikipedia/Pods-lib-RxSwift-wikipedia.release.xcconfig"; sourceTree = "<group>"; };
		89C5C2EDCD82F70CED5D80B5 /* Pods_lib_RxSwift_wikipedia.framework */ = {isa = PBXFileReference; explicitFileType = wrapper.framework; includeInIndex = 0; path = Pods_lib_RxSwift_wikipedia.framework; sourceTree = BUILT_PRODUCTS_DIR; };
		981B1AA232E897C514AC1205 /* Pods-lib-RxSwift-wikipediaTests.release.xcconfig */ = {isa = PBXFileReference; includeInIndex = 1; lastKnownFileType = text.xcconfig; name = "Pods-lib-RxSwift-wikipediaTests.release.xcconfig"; path = "Target Support Files/Pods-lib-RxSwift-wikipediaTests/Pods-lib-RxSwift-wikipediaTests.release.xcconfig"; sourceTree = "<group>"; };
		988703F413B73DB19C39B80A /* Pods-lib-RxSwift-wikipedia.debug.xcconfig */ = {isa = PBXFileReference; includeInIndex = 1; lastKnownFileType = text.xcconfig; name = "Pods-lib-RxSwift-wikipedia.debug.xcconfig"; path = "Target Support Files/Pods-lib-RxSwift-wikipedia/Pods-lib-RxSwift-wikipedia.debug.xcconfig"; sourceTree = "<group>"; };
		B869A743250B3C7DC47D8F9B /* Pods-lib-RxSwift-wikipediaTests.debug.xcconfig */ = {isa = PBXFileReference; includeInIndex = 1; lastKnownFileType = text.xcconfig; name = "Pods-lib-RxSwift-wikipediaTests.debug.xcconfig"; path = "Target Support Files/Pods-lib-RxSwift-wikipediaTests/Pods-lib-RxSwift-wikipediaTests.debug.xcconfig"; sourceTree = "<group>"; };
		EB08A9C72F5A045D683774F3 /* Pods_lib_RxSwift_wikipediaTests.framework */ = {isa = PBXFileReference; explicitFileType = wrapper.framework; includeInIndex = 0; path = Pods_lib_RxSwift_wikipediaTests.framework; sourceTree = BUILT_PRODUCTS_DIR; };
/* End PBXFileReference section */

/* Begin PBXFrameworksBuildPhase section */
		3026781A224A2F390030249A /* Frameworks */ = {
			isa = PBXFrameworksBuildPhase;
			buildActionMask = 2147483647;
			files = (
				A5420E2B4832FD481F1D7BEF /* Pods_lib_RxSwift_wikipedia.framework in Frameworks */,
			);
			runOnlyForDeploymentPostprocessing = 0;
		};
		3026782E224A2F3A0030249A /* Frameworks */ = {
			isa = PBXFrameworksBuildPhase;
			buildActionMask = 2147483647;
			files = (
				269FCB4743EDD9C0C7081DAD /* Pods_lib_RxSwift_wikipediaTests.framework in Frameworks */,
			);
			runOnlyForDeploymentPostprocessing = 0;
		};
		30267839224A2F3A0030249A /* Frameworks */ = {
			isa = PBXFrameworksBuildPhase;
			buildActionMask = 2147483647;
			files = (
				3E733F2C320205B0D22154B7 /* Pods_lib_RxSwift_wikipediaUITests.framework in Frameworks */,
			);
			runOnlyForDeploymentPostprocessing = 0;
		};
/* End PBXFrameworksBuildPhase section */

/* Begin PBXGroup section */
		30267814224A2F390030249A = {
			isa = PBXGroup;
			children = (
				3026781F224A2F390030249A /* lib-RxSwift-wikipedia */,
				30267834224A2F3A0030249A /* lib-RxSwift-wikipediaTests */,
				3026783F224A2F3A0030249A /* lib-RxSwift-wikipediaUITests */,
				3026781E224A2F390030249A /* Products */,
				7FA5C6F415CD678B48DEB9FC /* Pods */,
				660BD71388B0322D887791E0 /* Frameworks */,
			);
			sourceTree = "<group>";
		};
		3026781E224A2F390030249A /* Products */ = {
			isa = PBXGroup;
			children = (
				3026781D224A2F390030249A /* lib-RxSwift-wikipedia.app */,
				30267831224A2F3A0030249A /* lib-RxSwift-wikipediaTests.xctest */,
				3026783C224A2F3A0030249A /* lib-RxSwift-wikipediaUITests.xctest */,
			);
			name = Products;
			sourceTree = "<group>";
		};
		3026781F224A2F390030249A /* lib-RxSwift-wikipedia */ = {
			isa = PBXGroup;
			children = (
				30267820224A2F390030249A /* AppDelegate.swift */,
				30267822224A2F390030249A /* ViewController.swift */,
				30267824224A2F390030249A /* Main.storyboard */,
				30267827224A2F3A0030249A /* Assets.xcassets */,
				30267829224A2F3A0030249A /* LaunchScreen.storyboard */,
				3026782C224A2F3A0030249A /* Info.plist */,
				3026784E224A30780030249A /* Result.swift */,
				30267850224A30AA0030249A /* WikipediaAPIClient.swift */,
				30267852224A3C0C0030249A /* WikipediaSearchAPIModel.swift */,
				30267854224A3EDC0030249A /* WikipediaSearchAPIViewModel.swift */,
			);
			path = "lib-RxSwift-wikipedia";
			sourceTree = "<group>";
		};
		30267834224A2F3A0030249A /* lib-RxSwift-wikipediaTests */ = {
			isa = PBXGroup;
			children = (
				30267835224A2F3A0030249A /* lib_RxSwift_wikipediaTests.swift */,
				30267837224A2F3A0030249A /* Info.plist */,
			);
			path = "lib-RxSwift-wikipediaTests";
			sourceTree = "<group>";
		};
		3026783F224A2F3A0030249A /* lib-RxSwift-wikipediaUITests */ = {
			isa = PBXGroup;
			children = (
				30267840224A2F3A0030249A /* lib_RxSwift_wikipediaUITests.swift */,
				30267842224A2F3A0030249A /* Info.plist */,
			);
			path = "lib-RxSwift-wikipediaUITests";
			sourceTree = "<group>";
		};
		660BD71388B0322D887791E0 /* Frameworks */ = {
			isa = PBXGroup;
			children = (
				89C5C2EDCD82F70CED5D80B5 /* Pods_lib_RxSwift_wikipedia.framework */,
				EB08A9C72F5A045D683774F3 /* Pods_lib_RxSwift_wikipediaTests.framework */,
				7823950123D93DD7C1772038 /* Pods_lib_RxSwift_wikipediaUITests.framework */,
			);
			name = Frameworks;
			sourceTree = "<group>";
		};
		7FA5C6F415CD678B48DEB9FC /* Pods */ = {
			isa = PBXGroup;
			children = (
				988703F413B73DB19C39B80A /* Pods-lib-RxSwift-wikipedia.debug.xcconfig */,
				85A3474CEF76B0755839DB22 /* Pods-lib-RxSwift-wikipedia.release.xcconfig */,
				B869A743250B3C7DC47D8F9B /* Pods-lib-RxSwift-wikipediaTests.debug.xcconfig */,
				981B1AA232E897C514AC1205 /* Pods-lib-RxSwift-wikipediaTests.release.xcconfig */,
				22D5E37B8971F68FE76918CC /* Pods-lib-RxSwift-wikipediaUITests.debug.xcconfig */,
				0C0B056734DAA282D58A0EBC /* Pods-lib-RxSwift-wikipediaUITests.release.xcconfig */,
			);
			path = Pods;
			sourceTree = "<group>";
		};
/* End PBXGroup section */

/* Begin PBXNativeTarget section */
		3026781C224A2F390030249A /* lib-RxSwift-wikipedia */ = {
			isa = PBXNativeTarget;
			buildConfigurationList = 30267845224A2F3A0030249A /* Build configuration list for PBXNativeTarget "lib-RxSwift-wikipedia" */;
			buildPhases = (
				799AEBDB614BDE183025E25B /* [CP] Check Pods Manifest.lock */,
				30267819224A2F390030249A /* Sources */,
				3026781A224A2F390030249A /* Frameworks */,
				3026781B224A2F390030249A /* Resources */,
				7C7F23E2D9F66DEF95E25453 /* [CP] Embed Pods Frameworks */,
			);
			buildRules = (
			);
			dependencies = (
			);
			name = "lib-RxSwift-wikipedia";
			productName = "lib-RxSwift-wikipedia";
			productReference = 3026781D224A2F390030249A /* lib-RxSwift-wikipedia.app */;
			productType = "com.apple.product-type.application";
		};
		30267830224A2F3A0030249A /* lib-RxSwift-wikipediaTests */ = {
			isa = PBXNativeTarget;
			buildConfigurationList = 30267848224A2F3A0030249A /* Build configuration list for PBXNativeTarget "lib-RxSwift-wikipediaTests" */;
			buildPhases = (
				33D173E82BF2CFA00C686230 /* [CP] Check Pods Manifest.lock */,
				3026782D224A2F3A0030249A /* Sources */,
				3026782E224A2F3A0030249A /* Frameworks */,
				3026782F224A2F3A0030249A /* Resources */,
				2E48DA1C08D831E0F38B5BF5 /* [CP] Embed Pods Frameworks */,
			);
			buildRules = (
			);
			dependencies = (
				30267833224A2F3A0030249A /* PBXTargetDependency */,
			);
			name = "lib-RxSwift-wikipediaTests";
			productName = "lib-RxSwift-wikipediaTests";
			productReference = 30267831224A2F3A0030249A /* lib-RxSwift-wikipediaTests.xctest */;
			productType = "com.apple.product-type.bundle.unit-test";
		};
		3026783B224A2F3A0030249A /* lib-RxSwift-wikipediaUITests */ = {
			isa = PBXNativeTarget;
			buildConfigurationList = 3026784B224A2F3A0030249A /* Build configuration list for PBXNativeTarget "lib-RxSwift-wikipediaUITests" */;
			buildPhases = (
				738EFC317FEE75D736053256 /* [CP] Check Pods Manifest.lock */,
				30267838224A2F3A0030249A /* Sources */,
				30267839224A2F3A0030249A /* Frameworks */,
				3026783A224A2F3A0030249A /* Resources */,
				2BD11028C4379E3F103D0C18 /* [CP] Embed Pods Frameworks */,
			);
			buildRules = (
			);
			dependencies = (
				3026783E224A2F3A0030249A /* PBXTargetDependency */,
			);
			name = "lib-RxSwift-wikipediaUITests";
			productName = "lib-RxSwift-wikipediaUITests";
			productReference = 3026783C224A2F3A0030249A /* lib-RxSwift-wikipediaUITests.xctest */;
			productType = "com.apple.product-type.bundle.ui-testing";
		};
/* End PBXNativeTarget section */

/* Begin PBXProject section */
		30267815224A2F390030249A /* Project object */ = {
			isa = PBXProject;
			attributes = {
				LastSwiftUpdateCheck = 1010;
				LastUpgradeCheck = 1010;
				ORGANIZATIONNAME = taigakiyotaki;
				TargetAttributes = {
					3026781C224A2F390030249A = {
						CreatedOnToolsVersion = 10.1;
					};
					30267830224A2F3A0030249A = {
						CreatedOnToolsVersion = 10.1;
						TestTargetID = 3026781C224A2F390030249A;
					};
					3026783B224A2F3A0030249A = {
						CreatedOnToolsVersion = 10.1;
						TestTargetID = 3026781C224A2F390030249A;
					};
				};
			};
			buildConfigurationList = 30267818224A2F390030249A /* Build configuration list for PBXProject "lib-RxSwift-wikipedia" */;
			compatibilityVersion = "Xcode 9.3";
			developmentRegion = en;
			hasScannedForEncodings = 0;
			knownRegions = (
				en,
				Base,
			);
			mainGroup = 30267814224A2F390030249A;
			productRefGroup = 3026781E224A2F390030249A /* Products */;
			projectDirPath = "";
			projectRoot = "";
			targets = (
				3026781C224A2F390030249A /* lib-RxSwift-wikipedia */,
				30267830224A2F3A0030249A /* lib-RxSwift-wikipediaTests */,
				3026783B224A2F3A0030249A /* lib-RxSwift-wikipediaUITests */,
			);
		};
/* End PBXProject section */

/* Begin PBXResourcesBuildPhase section */
		3026781B224A2F390030249A /* Resources */ = {
			isa = PBXResourcesBuildPhase;
			buildActionMask = 2147483647;
			files = (
				3026782B224A2F3A0030249A /* LaunchScreen.storyboard in Resources */,
				30267828224A2F3A0030249A /* Assets.xcassets in Resources */,
				30267826224A2F390030249A /* Main.storyboard in Resources */,
			);
			runOnlyForDeploymentPostprocessing = 0;
		};
		3026782F224A2F3A0030249A /* Resources */ = {
			isa = PBXResourcesBuildPhase;
			buildActionMask = 2147483647;
			files = (
			);
			runOnlyForDeploymentPostprocessing = 0;
		};
		3026783A224A2F3A0030249A /* Resources */ = {
			isa = PBXResourcesBuildPhase;
			buildActionMask = 2147483647;
			files = (
			);
			runOnlyForDeploymentPostprocessing = 0;
		};
/* End PBXResourcesBuildPhase section */

/* Begin PBXShellScriptBuildPhase section */
		2BD11028C4379E3F103D0C18 /* [CP] Embed Pods Frameworks */ = {
			isa = PBXShellScriptBuildPhase;
			buildActionMask = 2147483647;
			files = (
			);
			inputFileListPaths = (
			);
			inputPaths = (
				"${PODS_ROOT}/Target Support Files/Pods-lib-RxSwift-wikipediaUITests/Pods-lib-RxSwift-wikipediaUITests-frameworks.sh",
				"${BUILT_PRODUCTS_DIR}/RxAtomic/RxAtomic.framework",
				"${BUILT_PRODUCTS_DIR}/RxSwift/RxSwift.framework",
				"${BUILT_PRODUCTS_DIR}/RxBlocking/RxBlocking.framework",
				"${BUILT_PRODUCTS_DIR}/RxTest/RxTest.framework",
			);
			name = "[CP] Embed Pods Frameworks";
			outputFileListPaths = (
			);
			outputPaths = (
				"${TARGET_BUILD_DIR}/${FRAMEWORKS_FOLDER_PATH}/RxAtomic.framework",
				"${TARGET_BUILD_DIR}/${FRAMEWORKS_FOLDER_PATH}/RxSwift.framework",
				"${TARGET_BUILD_DIR}/${FRAMEWORKS_FOLDER_PATH}/RxBlocking.framework",
				"${TARGET_BUILD_DIR}/${FRAMEWORKS_FOLDER_PATH}/RxTest.framework",
			);
			runOnlyForDeploymentPostprocessing = 0;
			shellPath = /bin/sh;
			shellScript = "\"${PODS_ROOT}/Target Support Files/Pods-lib-RxSwift-wikipediaUITests/Pods-lib-RxSwift-wikipediaUITests-frameworks.sh\"\n";
			showEnvVarsInLog = 0;
		};
		2E48DA1C08D831E0F38B5BF5 /* [CP] Embed Pods Frameworks */ = {
			isa = PBXShellScriptBuildPhase;
			buildActionMask = 2147483647;
			files = (
			);
			inputFileListPaths = (
			);
			inputPaths = (
				"${PODS_ROOT}/Target Support Files/Pods-lib-RxSwift-wikipediaTests/Pods-lib-RxSwift-wikipediaTests-frameworks.sh",
				"${BUILT_PRODUCTS_DIR}/RxAtomic/RxAtomic.framework",
				"${BUILT_PRODUCTS_DIR}/RxSwift/RxSwift.framework",
				"${BUILT_PRODUCTS_DIR}/RxBlocking/RxBlocking.framework",
				"${BUILT_PRODUCTS_DIR}/RxTest/RxTest.framework",
			);
			name = "[CP] Embed Pods Frameworks";
			outputFileListPaths = (
			);
			outputPaths = (
				"${TARGET_BUILD_DIR}/${FRAMEWORKS_FOLDER_PATH}/RxAtomic.framework",
				"${TARGET_BUILD_DIR}/${FRAMEWORKS_FOLDER_PATH}/RxSwift.framework",
				"${TARGET_BUILD_DIR}/${FRAMEWORKS_FOLDER_PATH}/RxBlocking.framework",
				"${TARGET_BUILD_DIR}/${FRAMEWORKS_FOLDER_PATH}/RxTest.framework",
			);
			runOnlyForDeploymentPostprocessing = 0;
			shellPath = /bin/sh;
			shellScript = "\"${PODS_ROOT}/Target Support Files/Pods-lib-RxSwift-wikipediaTests/Pods-lib-RxSwift-wikipediaTests-frameworks.sh\"\n";
			showEnvVarsInLog = 0;
		};
		33D173E82BF2CFA00C686230 /* [CP] Check Pods Manifest.lock */ = {
			isa = PBXShellScriptBuildPhase;
			buildActionMask = 2147483647;
			files = (
			);
			inputFileListPaths = (
			);
			inputPaths = (
				"${PODS_PODFILE_DIR_PATH}/Podfile.lock",
				"${PODS_ROOT}/Manifest.lock",
			);
			name = "[CP] Check Pods Manifest.lock";
			outputFileListPaths = (
			);
			outputPaths = (
				"$(DERIVED_FILE_DIR)/Pods-lib-RxSwift-wikipediaTests-checkManifestLockResult.txt",
			);
			runOnlyForDeploymentPostprocessing = 0;
			shellPath = /bin/sh;
			shellScript = "diff \"${PODS_PODFILE_DIR_PATH}/Podfile.lock\" \"${PODS_ROOT}/Manifest.lock\" > /dev/null\nif [ $? != 0 ] ; then\n    # print error to STDERR\n    echo \"error: The sandbox is not in sync with the Podfile.lock. Run 'pod install' or update your CocoaPods installation.\" >&2\n    exit 1\nfi\n# This output is used by Xcode 'outputs' to avoid re-running this script phase.\necho \"SUCCESS\" > \"${SCRIPT_OUTPUT_FILE_0}\"\n";
			showEnvVarsInLog = 0;
		};
		738EFC317FEE75D736053256 /* [CP] Check Pods Manifest.lock */ = {
			isa = PBXShellScriptBuildPhase;
			buildActionMask = 2147483647;
			files = (
			);
			inputFileListPaths = (
			);
			inputPaths = (
				"${PODS_PODFILE_DIR_PATH}/Podfile.lock",
				"${PODS_ROOT}/Manifest.lock",
			);
			name = "[CP] Check Pods Manifest.lock";
			outputFileListPaths = (
			);
			outputPaths = (
				"$(DERIVED_FILE_DIR)/Pods-lib-RxSwift-wikipediaUITests-checkManifestLockResult.txt",
			);
			runOnlyForDeploymentPostprocessing = 0;
			shellPath = /bin/sh;
			shellScript = "diff \"${PODS_PODFILE_DIR_PATH}/Podfile.lock\" \"${PODS_ROOT}/Manifest.lock\" > /dev/null\nif [ $? != 0 ] ; then\n    # print error to STDERR\n    echo \"error: The sandbox is not in sync with the Podfile.lock. Run 'pod install' or update your CocoaPods installation.\" >&2\n    exit 1\nfi\n# This output is used by Xcode 'outputs' to avoid re-running this script phase.\necho \"SUCCESS\" > \"${SCRIPT_OUTPUT_FILE_0}\"\n";
			showEnvVarsInLog = 0;
		};
		799AEBDB614BDE183025E25B /* [CP] Check Pods Manifest.lock */ = {
			isa = PBXShellScriptBuildPhase;
			buildActionMask = 2147483647;
			files = (
			);
			inputFileListPaths = (
			);
			inputPaths = (
				"${PODS_PODFILE_DIR_PATH}/Podfile.lock",
				"${PODS_ROOT}/Manifest.lock",
			);
			name = "[CP] Check Pods Manifest.lock";
			outputFileListPaths = (
			);
			outputPaths = (
				"$(DERIVED_FILE_DIR)/Pods-lib-RxSwift-wikipedia-checkManifestLockResult.txt",
			);
			runOnlyForDeploymentPostprocessing = 0;
			shellPath = /bin/sh;
			shellScript = "diff \"${PODS_PODFILE_DIR_PATH}/Podfile.lock\" \"${PODS_ROOT}/Manifest.lock\" > /dev/null\nif [ $? != 0 ] ; then\n    # print error to STDERR\n    echo \"error: The sandbox is not in sync with the Podfile.lock. Run 'pod install' or update your CocoaPods installation.\" >&2\n    exit 1\nfi\n# This output is used by Xcode 'outputs' to avoid re-running this script phase.\necho \"SUCCESS\" > \"${SCRIPT_OUTPUT_FILE_0}\"\n";
			showEnvVarsInLog = 0;
		};
		7C7F23E2D9F66DEF95E25453 /* [CP] Embed Pods Frameworks */ = {
			isa = PBXShellScriptBuildPhase;
			buildActionMask = 2147483647;
			files = (
			);
			inputFileListPaths = (
			);
			inputPaths = (
				"${PODS_ROOT}/Target Support Files/Pods-lib-RxSwift-wikipedia/Pods-lib-RxSwift-wikipedia-frameworks.sh",
				"${BUILT_PRODUCTS_DIR}/Alamofire/Alamofire.framework",
				"${BUILT_PRODUCTS_DIR}/RxAtomic/RxAtomic.framework",
				"${BUILT_PRODUCTS_DIR}/RxCocoa/RxCocoa.framework",
				"${BUILT_PRODUCTS_DIR}/RxSwift/RxSwift.framework",
			);
			name = "[CP] Embed Pods Frameworks";
			outputFileListPaths = (
			);
			outputPaths = (
				"${TARGET_BUILD_DIR}/${FRAMEWORKS_FOLDER_PATH}/Alamofire.framework",
				"${TARGET_BUILD_DIR}/${FRAMEWORKS_FOLDER_PATH}/RxAtomic.framework",
				"${TARGET_BUILD_DIR}/${FRAMEWORKS_FOLDER_PATH}/RxCocoa.framework",
				"${TARGET_BUILD_DIR}/${FRAMEWORKS_FOLDER_PATH}/RxSwift.framework",
			);
			runOnlyForDeploymentPostprocessing = 0;
			shellPath = /bin/sh;
			shellScript = "\"${PODS_ROOT}/Target Support Files/Pods-lib-RxSwift-wikipedia/Pods-lib-RxSwift-wikipedia-frameworks.sh\"\n";
			showEnvVarsInLog = 0;
		};
/* End PBXShellScriptBuildPhase section */

/* Begin PBXSourcesBuildPhase section */
		30267819224A2F390030249A /* Sources */ = {
			isa = PBXSourcesBuildPhase;
			buildActionMask = 2147483647;
			files = (
				3026784F224A30780030249A /* Result.swift in Sources */,
				30267855224A3EDC0030249A /* WikipediaSearchAPIViewModel.swift in Sources */,
				30267823224A2F390030249A /* ViewController.swift in Sources */,
				30267821224A2F390030249A /* AppDelegate.swift in Sources */,
				30267853224A3C0C0030249A /* WikipediaSearchAPIModel.swift in Sources */,
				30267851224A30AA0030249A /* WikipediaAPIClient.swift in Sources */,
			);
			runOnlyForDeploymentPostprocessing = 0;
		};
		3026782D224A2F3A0030249A /* Sources */ = {
			isa = PBXSourcesBuildPhase;
			buildActionMask = 2147483647;
			files = (
				30267836224A2F3A0030249A /* lib_RxSwift_wikipediaTests.swift in Sources */,
			);
			runOnlyForDeploymentPostprocessing = 0;
		};
		30267838224A2F3A0030249A /* Sources */ = {
			isa = PBXSourcesBuildPhase;
			buildActionMask = 2147483647;
			files = (
				30267841224A2F3A0030249A /* lib_RxSwift_wikipediaUITests.swift in Sources */,
			);
			runOnlyForDeploymentPostprocessing = 0;
		};
/* End PBXSourcesBuildPhase section */

/* Begin PBXTargetDependency section */
		30267833224A2F3A0030249A /* PBXTargetDependency */ = {
			isa = PBXTargetDependency;
			target = 3026781C224A2F390030249A /* lib-RxSwift-wikipedia */;
			targetProxy = 30267832224A2F3A0030249A /* PBXContainerItemProxy */;
		};
		3026783E224A2F3A0030249A /* PBXTargetDependency */ = {
			isa = PBXTargetDependency;
			target = 3026781C224A2F390030249A /* lib-RxSwift-wikipedia */;
			targetProxy = 3026783D224A2F3A0030249A /* PBXContainerItemProxy */;
		};
/* End PBXTargetDependency section */

/* Begin PBXVariantGroup section */
		30267824224A2F390030249A /* Main.storyboard */ = {
			isa = PBXVariantGroup;
			children = (
				30267825224A2F390030249A /* Base */,
			);
			name = Main.storyboard;
			sourceTree = "<group>";
		};
		30267829224A2F3A0030249A /* LaunchScreen.storyboard */ = {
			isa = PBXVariantGroup;
			children = (
				3026782A224A2F3A0030249A /* Base */,
			);
			name = LaunchScreen.storyboard;
			sourceTree = "<group>";
		};
/* End PBXVariantGroup section */

/* Begin XCBuildConfiguration section */
		30267843224A2F3A0030249A /* Debug */ = {
			isa = XCBuildConfiguration;
			buildSettings = {
				ALWAYS_SEARCH_USER_PATHS = NO;
				CLANG_ANALYZER_NONNULL = YES;
				CLANG_ANALYZER_NUMBER_OBJECT_CONVERSION = YES_AGGRESSIVE;
				CLANG_CXX_LANGUAGE_STANDARD = "gnu++14";
				CLANG_CXX_LIBRARY = "libc++";
				CLANG_ENABLE_MODULES = YES;
				CLANG_ENABLE_OBJC_ARC = YES;
				CLANG_ENABLE_OBJC_WEAK = YES;
				CLANG_WARN_BLOCK_CAPTURE_AUTORELEASING = YES;
				CLANG_WARN_BOOL_CONVERSION = YES;
				CLANG_WARN_COMMA = YES;
				CLANG_WARN_CONSTANT_CONVERSION = YES;
				CLANG_WARN_DEPRECATED_OBJC_IMPLEMENTATIONS = YES;
				CLANG_WARN_DIRECT_OBJC_ISA_USAGE = YES_ERROR;
				CLANG_WARN_DOCUMENTATION_COMMENTS = YES;
				CLANG_WARN_EMPTY_BODY = YES;
				CLANG_WARN_ENUM_CONVERSION = YES;
				CLANG_WARN_INFINITE_RECURSION = YES;
				CLANG_WARN_INT_CONVERSION = YES;
				CLANG_WARN_NON_LITERAL_NULL_CONVERSION = YES;
				CLANG_WARN_OBJC_IMPLICIT_RETAIN_SELF = YES;
				CLANG_WARN_OBJC_LITERAL_CONVERSION = YES;
				CLANG_WARN_OBJC_ROOT_CLASS = YES_ERROR;
				CLANG_WARN_RANGE_LOOP_ANALYSIS = YES;
				CLANG_WARN_STRICT_PROTOTYPES = YES;
				CLANG_WARN_SUSPICIOUS_MOVE = YES;
				CLANG_WARN_UNGUARDED_AVAILABILITY = YES_AGGRESSIVE;
				CLANG_WARN_UNREACHABLE_CODE = YES;
				CLANG_WARN__DUPLICATE_METHOD_MATCH = YES;
				CODE_SIGN_IDENTITY = "iPhone Developer";
				COPY_PHASE_STRIP = NO;
				DEBUG_INFORMATION_FORMAT = dwarf;
				ENABLE_STRICT_OBJC_MSGSEND = YES;
				ENABLE_TESTABILITY = YES;
				GCC_C_LANGUAGE_STANDARD = gnu11;
				GCC_DYNAMIC_NO_PIC = NO;
				GCC_NO_COMMON_BLOCKS = YES;
				GCC_OPTIMIZATION_LEVEL = 0;
				GCC_PREPROCESSOR_DEFINITIONS = (
					"DEBUG=1",
					"$(inherited)",
				);
				GCC_WARN_64_TO_32_BIT_CONVERSION = YES;
				GCC_WARN_ABOUT_RETURN_TYPE = YES_ERROR;
				GCC_WARN_UNDECLARED_SELECTOR = YES;
				GCC_WARN_UNINITIALIZED_AUTOS = YES_AGGRESSIVE;
				GCC_WARN_UNUSED_FUNCTION = YES;
				GCC_WARN_UNUSED_VARIABLE = YES;
				IPHONEOS_DEPLOYMENT_TARGET = 12.1;
				MTL_ENABLE_DEBUG_INFO = INCLUDE_SOURCE;
				MTL_FAST_MATH = YES;
				ONLY_ACTIVE_ARCH = YES;
				SDKROOT = iphoneos;
				SWIFT_ACTIVE_COMPILATION_CONDITIONS = DEBUG;
				SWIFT_OPTIMIZATION_LEVEL = "-Onone";
			};
			name = Debug;
		};
		30267844224A2F3A0030249A /* Release */ = {
			isa = XCBuildConfiguration;
			buildSettings = {
				ALWAYS_SEARCH_USER_PATHS = NO;
				CLANG_ANALYZER_NONNULL = YES;
				CLANG_ANALYZER_NUMBER_OBJECT_CONVERSION = YES_AGGRESSIVE;
				CLANG_CXX_LANGUAGE_STANDARD = "gnu++14";
				CLANG_CXX_LIBRARY = "libc++";
				CLANG_ENABLE_MODULES = YES;
				CLANG_ENABLE_OBJC_ARC = YES;
				CLANG_ENABLE_OBJC_WEAK = YES;
				CLANG_WARN_BLOCK_CAPTURE_AUTORELEASING = YES;
				CLANG_WARN_BOOL_CONVERSION = YES;
				CLANG_WARN_COMMA = YES;
				CLANG_WARN_CONSTANT_CONVERSION = YES;
				CLANG_WARN_DEPRECATED_OBJC_IMPLEMENTATIONS = YES;
				CLANG_WARN_DIRECT_OBJC_ISA_USAGE = YES_ERROR;
				CLANG_WARN_DOCUMENTATION_COMMENTS = YES;
				CLANG_WARN_EMPTY_BODY = YES;
				CLANG_WARN_ENUM_CONVERSION = YES;
				CLANG_WARN_INFINITE_RECURSION = YES;
				CLANG_WARN_INT_CONVERSION = YES;
				CLANG_WARN_NON_LITERAL_NULL_CONVERSION = YES;
				CLANG_WARN_OBJC_IMPLICIT_RETAIN_SELF = YES;
				CLANG_WARN_OBJC_LITERAL_CONVERSION = YES;
				CLANG_WARN_OBJC_ROOT_CLASS = YES_ERROR;
				CLANG_WARN_RANGE_LOOP_ANALYSIS = YES;
				CLANG_WARN_STRICT_PROTOTYPES = YES;
				CLANG_WARN_SUSPICIOUS_MOVE = YES;
				CLANG_WARN_UNGUARDED_AVAILABILITY = YES_AGGRESSIVE;
				CLANG_WARN_UNREACHABLE_CODE = YES;
				CLANG_WARN__DUPLICATE_METHOD_MATCH = YES;
				CODE_SIGN_IDENTITY = "iPhone Developer";
				COPY_PHASE_STRIP = NO;
				DEBUG_INFORMATION_FORMAT = "dwarf-with-dsym";
				ENABLE_NS_ASSERTIONS = NO;
				ENABLE_STRICT_OBJC_MSGSEND = YES;
				GCC_C_LANGUAGE_STANDARD = gnu11;
				GCC_NO_COMMON_BLOCKS = YES;
				GCC_WARN_64_TO_32_BIT_CONVERSION = YES;
				GCC_WARN_ABOUT_RETURN_TYPE = YES_ERROR;
				GCC_WARN_UNDECLARED_SELECTOR = YES;
				GCC_WARN_UNINITIALIZED_AUTOS = YES_AGGRESSIVE;
				GCC_WARN_UNUSED_FUNCTION = YES;
				GCC_WARN_UNUSED_VARIABLE = YES;
				IPHONEOS_DEPLOYMENT_TARGET = 12.1;
				MTL_ENABLE_DEBUG_INFO = NO;
				MTL_FAST_MATH = YES;
				SDKROOT = iphoneos;
				SWIFT_COMPILATION_MODE = wholemodule;
				SWIFT_OPTIMIZATION_LEVEL = "-O";
				VALIDATE_PRODUCT = YES;
			};
			name = Release;
		};
		30267846224A2F3A0030249A /* Debug */ = {
			isa = XCBuildConfiguration;
			baseConfigurationReference = 988703F413B73DB19C39B80A /* Pods-lib-RxSwift-wikipedia.debug.xcconfig */;
			buildSettings = {
				ASSETCATALOG_COMPILER_APPICON_NAME = AppIcon;
				CODE_SIGN_STYLE = Automatic;
				DEVELOPMENT_TEAM = 67LZ57545W;
				INFOPLIST_FILE = "lib-RxSwift-wikipedia/Info.plist";
				LD_RUNPATH_SEARCH_PATHS = (
					"$(inherited)",
					"@executable_path/Frameworks",
				);
				PRODUCT_BUNDLE_IDENTIFIER = "com.t2421.lib-RxSwift-wikipedia";
				PRODUCT_NAME = "$(TARGET_NAME)";
				SWIFT_VERSION = 4.2;
				TARGETED_DEVICE_FAMILY = "1,2";
			};
			name = Debug;
		};
		30267847224A2F3A0030249A /* Release */ = {
			isa = XCBuildConfiguration;
			baseConfigurationReference = 85A3474CEF76B0755839DB22 /* Pods-lib-RxSwift-wikipedia.release.xcconfig */;
			buildSettings = {
				ASSETCATALOG_COMPILER_APPICON_NAME = AppIcon;
				CODE_SIGN_STYLE = Automatic;
				DEVELOPMENT_TEAM = 67LZ57545W;
				INFOPLIST_FILE = "lib-RxSwift-wikipedia/Info.plist";
				LD_RUNPATH_SEARCH_PATHS = (
					"$(inherited)",
					"@executable_path/Frameworks",
				);
				PRODUCT_BUNDLE_IDENTIFIER = "com.t2421.lib-RxSwift-wikipedia";
				PRODUCT_NAME = "$(TARGET_NAME)";
				SWIFT_VERSION = 4.2;
				TARGETED_DEVICE_FAMILY = "1,2";
			};
			name = Release;
		};
		30267849224A2F3A0030249A /* Debug */ = {
			isa = XCBuildConfiguration;
			baseConfigurationReference = B869A743250B3C7DC47D8F9B /* Pods-lib-RxSwift-wikipediaTests.debug.xcconfig */;
			buildSettings = {
				ALWAYS_EMBED_SWIFT_STANDARD_LIBRARIES = YES;
				BUNDLE_LOADER = "$(TEST_HOST)";
				CODE_SIGN_STYLE = Automatic;
				DEVELOPMENT_TEAM = 67LZ57545W;
				INFOPLIST_FILE = "lib-RxSwift-wikipediaTests/Info.plist";
				LD_RUNPATH_SEARCH_PATHS = (
					"$(inherited)",
					"@executable_path/Frameworks",
					"@loader_path/Frameworks",
				);
				PRODUCT_BUNDLE_IDENTIFIER = "com.t2421.lib-RxSwift-wikipediaTests";
				PRODUCT_NAME = "$(TARGET_NAME)";
				SWIFT_VERSION = 4.2;
				TARGETED_DEVICE_FAMILY = "1,2";
				TEST_HOST = "$(BUILT_PRODUCTS_DIR)/lib-RxSwift-wikipedia.app/lib-RxSwift-wikipedia";
			};
			name = Debug;
		};
		3026784A224A2F3A0030249A /* Release */ = {
			isa = XCBuildConfiguration;
			baseConfigurationReference = 981B1AA232E897C514AC1205 /* Pods-lib-RxSwift-wikipediaTests.release.xcconfig */;
			buildSettings = {
				ALWAYS_EMBED_SWIFT_STANDARD_LIBRARIES = YES;
				BUNDLE_LOADER = "$(TEST_HOST)";
				CODE_SIGN_STYLE = Automatic;
				DEVELOPMENT_TEAM = 67LZ57545W;
				INFOPLIST_FILE = "lib-RxSwift-wikipediaTests/Info.plist";
				LD_RUNPATH_SEARCH_PATHS = (
					"$(inherited)",
					"@executable_path/Frameworks",
					"@loader_path/Frameworks",
				);
				PRODUCT_BUNDLE_IDENTIFIER = "com.t2421.lib-RxSwift-wikipediaTests";
				PRODUCT_NAME = "$(TARGET_NAME)";
				SWIFT_VERSION = 4.2;
				TARGETED_DEVICE_FAMILY = "1,2";
				TEST_HOST = "$(BUILT_PRODUCTS_DIR)/lib-RxSwift-wikipedia.app/lib-RxSwift-wikipedia";
			};
			name = Release;
		};
		3026784C224A2F3A0030249A /* Debug */ = {
			isa = XCBuildConfiguration;
			baseConfigurationReference = 22D5E37B8971F68FE76918CC /* Pods-lib-RxSwift-wikipediaUITests.debug.xcconfig */;
			buildSettings = {
				ALWAYS_EMBED_SWIFT_STANDARD_LIBRARIES = YES;
				CODE_SIGN_STYLE = Automatic;
				DEVELOPMENT_TEAM = 67LZ57545W;
				INFOPLIST_FILE = "lib-RxSwift-wikipediaUITests/Info.plist";
				LD_RUNPATH_SEARCH_PATHS = (
					"$(inherited)",
					"@executable_path/Frameworks",
					"@loader_path/Frameworks",
				);
				PRODUCT_BUNDLE_IDENTIFIER = "com.t2421.lib-RxSwift-wikipediaUITests";
				PRODUCT_NAME = "$(TARGET_NAME)";
				SWIFT_VERSION = 4.2;
				TARGETED_DEVICE_FAMILY = "1,2";
				TEST_TARGET_NAME = "lib-RxSwift-wikipedia";
			};
			name = Debug;
		};
		3026784D224A2F3A0030249A /* Release */ = {
			isa = XCBuildConfiguration;
			baseConfigurationReference = 0C0B056734DAA282D58A0EBC /* Pods-lib-RxSwift-wikipediaUITests.release.xcconfig */;
			buildSettings = {
				ALWAYS_EMBED_SWIFT_STANDARD_LIBRARIES = YES;
				CODE_SIGN_STYLE = Automatic;
				DEVELOPMENT_TEAM = 67LZ57545W;
				INFOPLIST_FILE = "lib-RxSwift-wikipediaUITests/Info.plist";
				LD_RUNPATH_SEARCH_PATHS = (
					"$(inherited)",
					"@executable_path/Frameworks",
					"@loader_path/Frameworks",
				);
				PRODUCT_BUNDLE_IDENTIFIER = "com.t2421.lib-RxSwift-wikipediaUITests";
				PRODUCT_NAME = "$(TARGET_NAME)";
				SWIFT_VERSION = 4.2;
				TARGETED_DEVICE_FAMILY = "1,2";
				TEST_TARGET_NAME = "lib-RxSwift-wikipedia";
			};
			name = Release;
		};
/* End XCBuildConfiguration section */

/* Begin XCConfigurationList section */
		30267818224A2F390030249A /* Build configuration list for PBXProject "lib-RxSwift-wikipedia" */ = {
			isa = XCConfigurationList;
			buildConfigurations = (
				30267843224A2F3A0030249A /* Debug */,
				30267844224A2F3A0030249A /* Release */,
			);
			defaultConfigurationIsVisible = 0;
			defaultConfigurationName = Release;
		};
		30267845224A2F3A0030249A /* Build configuration list for PBXNativeTarget "lib-RxSwift-wikipedia" */ = {
			isa = XCConfigurationList;
			buildConfigurations = (
				30267846224A2F3A0030249A /* Debug */,
				30267847224A2F3A0030249A /* Release */,
			);
			defaultConfigurationIsVisible = 0;
			defaultConfigurationName = Release;
		};
		30267848224A2F3A0030249A /* Build configuration list for PBXNativeTarget "lib-RxSwift-wikipediaTests" */ = {
			isa = XCConfigurationList;
			buildConfigurations = (
				30267849224A2F3A0030249A /* Debug */,
				3026784A224A2F3A0030249A /* Release */,
			);
			defaultConfigurationIsVisible = 0;
			defaultConfigurationName = Release;
		};
		3026784B224A2F3A0030249A /* Build configuration list for PBXNativeTarget "lib-RxSwift-wikipediaUITests" */ = {
			isa = XCConfigurationList;
			buildConfigurations = (
				3026784C224A2F3A0030249A /* Debug */,
				3026784D224A2F3A0030249A /* Release */,
			);
			defaultConfigurationIsVisible = 0;
			defaultConfigurationName = Release;
		};
/* End XCConfigurationList section */
	};
	rootObject = 30267815224A2F390030249A /* Project object */;
}
